
Microsoft Visual Studio Solution File, Format Version 12.00
# Visual Studio Version 16
VisualStudioVersion = 16.0.30611.23
MinimumVisualStudioVersion = 10.0.40219.1
Project("{FAE04EC0-301F-11D3-BF4B-00C04F79EFBC}") = "MakeLWV", "MakeLWV\MakeLWV.csproj", "{14F0E0D6-9107-48DC-B29F-6C4D90FABA2D}"
EndProject
Project("{FAE04EC0-301F-11D3-BF4B-00C04F79EFBC}") = "MakeLWVLib", "MakeLWVLib\MakeLWVLib.csproj", "{1124ECB2-B40B-4C8E-8912-51275EE8D500}"
EndProject
Project("{FAE04EC0-301F-11D3-BF4B-00C04F79EFBC}") = "LocalDataLib", "LocalDataLib\LocalDataLib.csproj", "{AD92AC12-3E82-4863-B616-1295DC683DD1}"
EndProject
Global
	GlobalSection(SolutionConfigurationPlatforms) = preSolution
		Debug|Any CPU = Debug|Any CPU
		Release|Any CPU = Release|Any CPU
	EndGlobalSection
	GlobalSection(ProjectConfigurationPlatforms) = postSolution
		{14F0E0D6-9107-48DC-B29F-6C4D90FABA2D}.Debug|Any CPU.ActiveCfg = Debug|Any CPU
		{14F0E0D6-9107-48DC-B29F-6C4D90FABA2D}.Debug|Any CPU.Build.0 = Debug|Any CPU
		{14F0E0D6-9107-48DC-B29F-6C4D90FABA2D}.Release|Any CPU.ActiveCfg = Release|Any CPU
		{14F0E0D6-9107-48DC-B29F-6C4D90FABA2D}.Release|Any CPU.Build.0 = Release|Any CPU
		{1124ECB2-B40B-4C8E-8912-51275EE8D500}.Debug|Any CPU.ActiveCfg = Debug|Any CPU
		{1124ECB2-B40B-4C8E-8912-51275EE8D500}.Debug|Any CPU.Build.0 = Debug|Any CPU
		{1124ECB2-B40B-4C8E-8912-51275EE8D500}.Release|Any CPU.ActiveCfg = Release|Any CPU
		{1124ECB2-B40B-4C8E-8912-51275EE8D500}.Release|Any CPU.Build.0 = Release|Any CPU
		{AD92AC12-3E82-4863-B616-1295DC683DD1}.Debug|Any CPU.ActiveCfg = Debug|Any CPU
		{AD92AC12-3E82-4863-B616-1295DC683DD1}.Debug|Any CPU.Build.0 = Debug|Any CPU
		{AD92AC12-3E82-4863-B616-1295DC683DD1}.Release|Any CPU.ActiveCfg = Release|Any CPU
		{AD92AC12-3E82-4863-B616-1295DC683DD1}.Release|Any CPU.Build.0 = Release|Any CPU
	EndGlobalSection
	GlobalSection(SolutionProperties) = preSolution
		HideSolutionNode = FALSE
	EndGlobalSection
	GlobalSection(ExtensibilityGlobals) = postSolution
		SolutionGuid = {E1D65AD4-0707-44F1-8167-BAFF5267B7AC}
	EndGlobalSection
EndGlobal
